
Microsoft Visual Studio Solution File, Format Version 12.00
# Visual Studio Version 17
VisualStudioVersion = 17.6.33829.357
MinimumVisualStudioVersion = 10.0.40219.1
Project("{FAE04EC0-301F-11D3-BF4B-00C04F79EFBC}") = "ReacipEasy", "ReacipEasy.csproj", "{BAEFBB52-2D15-424D-AD29-8C9751C017B2}"
EndProject
Global
	GlobalSection(SolutionConfigurationPlatforms) = preSolution
		Debug|Any CPU = Debug|Any CPU
		Release|Any CPU = Release|Any CPU
	EndGlobalSection
	GlobalSection(ProjectConfigurationPlatforms) = postSolution
		{BAEFBB52-2D15-424D-AD29-8C9751C017B2}.Debug|Any CPU.ActiveCfg = Debug|Any CPU
		{BAEFBB52-2D15-424D-AD29-8C9751C017B2}.Debug|Any CPU.Build.0 = Debug|Any CPU
		{BAEFBB52-2D15-424D-AD29-8C9751C017B2}.Release|Any CPU.ActiveCfg = Release|Any CPU
		{BAEFBB52-2D15-424D-AD29-8C9751C017B2}.Release|Any CPU.Build.0 = Release|Any CPU
	EndGlobalSection
	GlobalSection(SolutionProperties) = preSolution
		HideSolutionNode = FALSE
	EndGlobalSection
	GlobalSection(ExtensibilityGlobals) = postSolution
		SolutionGuid = {97FB37A6-737F-464F-80A0-3A2448D5D72A}
	EndGlobalSection
EndGlobal
